
Microsoft Visual Studio Solution File, Format Version 12.00
# Visual Studio 15
VisualStudioVersion = 15.0.28010.2003
MinimumVisualStudioVersion = 10.0.40219.1
Project("{8BC9CEB8-8B4A-11D0-8D11-00A0C91BC942}") = "final233", "final233\final233.vcxproj", "{6CA39861-3947-491C-B6F7-38708AE0AE5E}"
EndProject
Global
	GlobalSection(SolutionConfigurationPlatforms) = preSolution
		Debug|x64 = Debug|x64
		Debug|x86 = Debug|x86
		Release|x64 = Release|x64
		Release|x86 = Release|x86
	EndGlobalSection
	GlobalSection(ProjectConfigurationPlatforms) = postSolution
		{6CA39861-3947-491C-B6F7-38708AE0AE5E}.Debug|x64.ActiveCfg = Debug|x64
		{6CA39861-3947-491C-B6F7-38708AE0AE5E}.Debug|x64.Build.0 = Debug|x64
		{6CA39861-3947-491C-B6F7-38708AE0AE5E}.Debug|x86.ActiveCfg = Debug|Win32
		{6CA39861-3947-491C-B6F7-38708AE0AE5E}.Debug|x86.Build.0 = Debug|Win32
		{6CA39861-3947-491C-B6F7-38708AE0AE5E}.Release|x64.ActiveCfg = Release|x64
		{6CA39861-3947-491C-B6F7-38708AE0AE5E}.Release|x64.Build.0 = Release|x64
		{6CA39861-3947-491C-B6F7-38708AE0AE5E}.Release|x86.ActiveCfg = Release|Win32
		{6CA39861-3947-491C-B6F7-38708AE0AE5E}.Release|x86.Build.0 = Release|Win32
	EndGlobalSection
	GlobalSection(SolutionProperties) = preSolution
		HideSolutionNode = FALSE
	EndGlobalSection
	GlobalSection(ExtensibilityGlobals) = postSolution
		SolutionGuid = {1F769D8C-A3C1-48DF-BABD-299E3CF2BD5B}
	EndGlobalSection
EndGlobal
